
Microsoft Visual Studio Solution File, Format Version 12.00
# Visual Studio Version 17
VisualStudioVersion = 17.14.36511.14 d17.14
MinimumVisualStudioVersion = 10.0.40219.1
Project("{FAE04EC0-301F-11D3-BF4B-00C04F79EFBC}") = "LibraryManagementSystem", "LibraryManagementSystem\LibraryManagementSystem.csproj", "{9B401B18-BBCB-4740-8F19-956474EFE3C3}"
EndProject
Global
	GlobalSection(SolutionConfigurationPlatforms) = preSolution
		Debug|Any CPU = Debug|Any CPU
		Release|Any CPU = Release|Any CPU
	EndGlobalSection
	GlobalSection(ProjectConfigurationPlatforms) = postSolution
		{9B401B18-BBCB-4740-8F19-956474EFE3C3}.Debug|Any CPU.ActiveCfg = Debug|Any CPU
		{9B401B18-BBCB-4740-8F19-956474EFE3C3}.Debug|Any CPU.Build.0 = Debug|Any CPU
		{9B401B18-BBCB-4740-8F19-956474EFE3C3}.Release|Any CPU.ActiveCfg = Release|Any CPU
		{9B401B18-BBCB-4740-8F19-956474EFE3C3}.Release|Any CPU.Build.0 = Release|Any CPU
	EndGlobalSection
	GlobalSection(SolutionProperties) = preSolution
		HideSolutionNode = FALSE
	EndGlobalSection
	GlobalSection(ExtensibilityGlobals) = postSolution
		SolutionGuid = {37BF2C6D-0258-4D5A-B8FD-6EDEE7BF4970}
	EndGlobalSection
EndGlobal
